
Microsoft Visual Studio Solution File, Format Version 12.00
# Visual Studio 15
VisualStudioVersion = 15.0.26403.7
MinimumVisualStudioVersion = 10.0.40219.1
Project("{FAE04EC0-301F-11D3-BF4B-00C04F79EFBC}") = "MvcDemo1", "MvcDemo1\MvcDemo1.csproj", "{EDD835CD-A770-49E9-B0A7-A4F1899986CB}"
EndProject
Global
	GlobalSection(SolutionConfigurationPlatforms) = preSolution
		Debug|Any CPU = Debug|Any CPU
		Release|Any CPU = Release|Any CPU
	EndGlobalSection
	GlobalSection(ProjectConfigurationPlatforms) = postSolution
		{EDD835CD-A770-49E9-B0A7-A4F1899986CB}.Debug|Any CPU.ActiveCfg = Debug|Any CPU
		{EDD835CD-A770-49E9-B0A7-A4F1899986CB}.Debug|Any CPU.Build.0 = Debug|Any CPU
		{EDD835CD-A770-49E9-B0A7-A4F1899986CB}.Release|Any CPU.ActiveCfg = Release|Any CPU
		{EDD835CD-A770-49E9-B0A7-A4F1899986CB}.Release|Any CPU.Build.0 = Release|Any CPU
	EndGlobalSection
	GlobalSection(SolutionProperties) = preSolution
		HideSolutionNode = FALSE
	EndGlobalSection
EndGlobal
